
Microsoft Visual Studio Solution File, Format Version 12.00
# Visual Studio Version 17
VisualStudioVersion = 17.0.32126.317
MinimumVisualStudioVersion = 10.0.40219.1
Project("{9A19103F-16F7-4668-BE54-9A1E7A4F7556}") = "JET", "JET\JET.csproj", "{A270CFF2-A193-4AAA-908D-BF16ED1DCA02}"
EndProject
Project("{FAE04EC0-301F-11D3-BF4B-00C04F79EFBC}") = "JET.Application", "JET.Application\JET.Application.csproj", "{A901AFA1-6A1D-4751-839A-AFFE0CCEC117}"
EndProject
Project("{FAE04EC0-301F-11D3-BF4B-00C04F79EFBC}") = "JET.Domain", "JET.Domain\JET.Domain.csproj", "{ABC269F9-1982-4DBA-A7BD-54AB453FAF52}"
EndProject
Project("{FAE04EC0-301F-11D3-BF4B-00C04F79EFBC}") = "JET.Infra.Data", "JET.Infra.Data\JET.Infra.Data.csproj", "{F948C23A-1C48-46D3-8C42-E50E98D60115}"
EndProject
Project("{FAE04EC0-301F-11D3-BF4B-00C04F79EFBC}") = "JET.Infrastructure.IoC", "JET.Infrastructure.IoC\JET.Infrastructure.IoC.csproj", "{8680FF0A-4CD0-4837-8AC7-E79C0F350BB2}"
EndProject
Global
	GlobalSection(SolutionConfigurationPlatforms) = preSolution
		Debug|Any CPU = Debug|Any CPU
		Release|Any CPU = Release|Any CPU
	EndGlobalSection
	GlobalSection(ProjectConfigurationPlatforms) = postSolution
		{A270CFF2-A193-4AAA-908D-BF16ED1DCA02}.Debug|Any CPU.ActiveCfg = Debug|Any CPU
		{A270CFF2-A193-4AAA-908D-BF16ED1DCA02}.Debug|Any CPU.Build.0 = Debug|Any CPU
		{A270CFF2-A193-4AAA-908D-BF16ED1DCA02}.Release|Any CPU.ActiveCfg = Release|Any CPU
		{A270CFF2-A193-4AAA-908D-BF16ED1DCA02}.Release|Any CPU.Build.0 = Release|Any CPU
		{A901AFA1-6A1D-4751-839A-AFFE0CCEC117}.Debug|Any CPU.ActiveCfg = Debug|Any CPU
		{A901AFA1-6A1D-4751-839A-AFFE0CCEC117}.Debug|Any CPU.Build.0 = Debug|Any CPU
		{A901AFA1-6A1D-4751-839A-AFFE0CCEC117}.Release|Any CPU.ActiveCfg = Release|Any CPU
		{A901AFA1-6A1D-4751-839A-AFFE0CCEC117}.Release|Any CPU.Build.0 = Release|Any CPU
		{ABC269F9-1982-4DBA-A7BD-54AB453FAF52}.Debug|Any CPU.ActiveCfg = Debug|Any CPU
		{ABC269F9-1982-4DBA-A7BD-54AB453FAF52}.Debug|Any CPU.Build.0 = Debug|Any CPU
		{ABC269F9-1982-4DBA-A7BD-54AB453FAF52}.Release|Any CPU.ActiveCfg = Release|Any CPU
		{ABC269F9-1982-4DBA-A7BD-54AB453FAF52}.Release|Any CPU.Build.0 = Release|Any CPU
		{F948C23A-1C48-46D3-8C42-E50E98D60115}.Debug|Any CPU.ActiveCfg = Debug|Any CPU
		{F948C23A-1C48-46D3-8C42-E50E98D60115}.Debug|Any CPU.Build.0 = Debug|Any CPU
		{F948C23A-1C48-46D3-8C42-E50E98D60115}.Release|Any CPU.ActiveCfg = Release|Any CPU
		{F948C23A-1C48-46D3-8C42-E50E98D60115}.Release|Any CPU.Build.0 = Release|Any CPU
		{8680FF0A-4CD0-4837-8AC7-E79C0F350BB2}.Debug|Any CPU.ActiveCfg = Debug|Any CPU
		{8680FF0A-4CD0-4837-8AC7-E79C0F350BB2}.Debug|Any CPU.Build.0 = Debug|Any CPU
		{8680FF0A-4CD0-4837-8AC7-E79C0F350BB2}.Release|Any CPU.ActiveCfg = Release|Any CPU
		{8680FF0A-4CD0-4837-8AC7-E79C0F350BB2}.Release|Any CPU.Build.0 = Release|Any CPU
	EndGlobalSection
	GlobalSection(SolutionProperties) = preSolution
		HideSolutionNode = FALSE
	EndGlobalSection
	GlobalSection(ExtensibilityGlobals) = postSolution
		SolutionGuid = {063B1A59-92B5-41C9-BDF2-8CF244993182}
	EndGlobalSection
EndGlobal
